
Microsoft Visual Studio Solution File, Format Version 12.00
# Visual Studio 15
VisualStudioVersion = 15.0.26124.0
MinimumVisualStudioVersion = 15.0.26124.0
Project("{2150E333-8FDC-42A3-9474-1A3956D46DE8}") = "src", "src", "{D582B555-1C10-418A-A1AA-7F46D89A5457}"
EndProject
Project("{9A19103F-16F7-4668-BE54-9A1E7A4F7556}") = "SecretSanta.Domain", "src\SecretSanta.Domain\SecretSanta.Domain.csproj", "{66607C4C-8B6C-42FC-AADD-E566AEEA4A66}"
EndProject
Project("{2150E333-8FDC-42A3-9474-1A3956D46DE8}") = "test", "test", "{17119B44-C041-4D9C-93E0-FD3C80C4E450}"
EndProject
Project("{9A19103F-16F7-4668-BE54-9A1E7A4F7556}") = "SecretSanta.Domain.Tests", "test\SecretSanta.Domain.Tests\SecretSanta.Domain.Tests.csproj", "{8F7FF3B7-6850-4E8E-B993-5D59DAE3FD9B}"
EndProject
Project("{2150E333-8FDC-42A3-9474-1A3956D46DE8}") = "ServicesTests", "ServicesTests", "{F3F8F662-E7ED-4E90-BFEE-3EEF47051996}"
EndProject
Global
	GlobalSection(SolutionConfigurationPlatforms) = preSolution
		Debug|Any CPU = Debug|Any CPU
		Debug|x64 = Debug|x64
		Debug|x86 = Debug|x86
		Release|Any CPU = Release|Any CPU
		Release|x64 = Release|x64
		Release|x86 = Release|x86
	EndGlobalSection
	GlobalSection(ProjectConfigurationPlatforms) = postSolution
		{66607C4C-8B6C-42FC-AADD-E566AEEA4A66}.Debug|Any CPU.ActiveCfg = Debug|Any CPU
		{66607C4C-8B6C-42FC-AADD-E566AEEA4A66}.Debug|Any CPU.Build.0 = Debug|Any CPU
		{66607C4C-8B6C-42FC-AADD-E566AEEA4A66}.Debug|x64.ActiveCfg = Debug|Any CPU
		{66607C4C-8B6C-42FC-AADD-E566AEEA4A66}.Debug|x64.Build.0 = Debug|Any CPU
		{66607C4C-8B6C-42FC-AADD-E566AEEA4A66}.Debug|x86.ActiveCfg = Debug|Any CPU
		{66607C4C-8B6C-42FC-AADD-E566AEEA4A66}.Debug|x86.Build.0 = Debug|Any CPU
		{66607C4C-8B6C-42FC-AADD-E566AEEA4A66}.Release|Any CPU.ActiveCfg = Release|Any CPU
		{66607C4C-8B6C-42FC-AADD-E566AEEA4A66}.Release|Any CPU.Build.0 = Release|Any CPU
		{66607C4C-8B6C-42FC-AADD-E566AEEA4A66}.Release|x64.ActiveCfg = Release|Any CPU
		{66607C4C-8B6C-42FC-AADD-E566AEEA4A66}.Release|x64.Build.0 = Release|Any CPU
		{66607C4C-8B6C-42FC-AADD-E566AEEA4A66}.Release|x86.ActiveCfg = Release|Any CPU
		{66607C4C-8B6C-42FC-AADD-E566AEEA4A66}.Release|x86.Build.0 = Release|Any CPU
		{8F7FF3B7-6850-4E8E-B993-5D59DAE3FD9B}.Debug|Any CPU.ActiveCfg = Debug|Any CPU
		{8F7FF3B7-6850-4E8E-B993-5D59DAE3FD9B}.Debug|Any CPU.Build.0 = Debug|Any CPU
		{8F7FF3B7-6850-4E8E-B993-5D59DAE3FD9B}.Debug|x64.ActiveCfg = Debug|Any CPU
		{8F7FF3B7-6850-4E8E-B993-5D59DAE3FD9B}.Debug|x64.Build.0 = Debug|Any CPU
		{8F7FF3B7-6850-4E8E-B993-5D59DAE3FD9B}.Debug|x86.ActiveCfg = Debug|Any CPU
		{8F7FF3B7-6850-4E8E-B993-5D59DAE3FD9B}.Debug|x86.Build.0 = Debug|Any CPU
		{8F7FF3B7-6850-4E8E-B993-5D59DAE3FD9B}.Release|Any CPU.ActiveCfg = Release|Any CPU
		{8F7FF3B7-6850-4E8E-B993-5D59DAE3FD9B}.Release|Any CPU.Build.0 = Release|Any CPU
		{8F7FF3B7-6850-4E8E-B993-5D59DAE3FD9B}.Release|x64.ActiveCfg = Release|Any CPU
		{8F7FF3B7-6850-4E8E-B993-5D59DAE3FD9B}.Release|x64.Build.0 = Release|Any CPU
		{8F7FF3B7-6850-4E8E-B993-5D59DAE3FD9B}.Release|x86.ActiveCfg = Release|Any CPU
		{8F7FF3B7-6850-4E8E-B993-5D59DAE3FD9B}.Release|x86.Build.0 = Release|Any CPU
	EndGlobalSection
	GlobalSection(SolutionProperties) = preSolution
		HideSolutionNode = FALSE
	EndGlobalSection
	GlobalSection(NestedProjects) = preSolution
		{66607C4C-8B6C-42FC-AADD-E566AEEA4A66} = {D582B555-1C10-418A-A1AA-7F46D89A5457}
		{8F7FF3B7-6850-4E8E-B993-5D59DAE3FD9B} = {17119B44-C041-4D9C-93E0-FD3C80C4E450}
		{F3F8F662-E7ED-4E90-BFEE-3EEF47051996} = {17119B44-C041-4D9C-93E0-FD3C80C4E450}
	EndGlobalSection
	GlobalSection(ExtensibilityGlobals) = postSolution
		SolutionGuid = {C3BB4DD4-DEB3-49FA-9F3C-D8F81B111364}
	EndGlobalSection
EndGlobal
